
Microsoft Visual Studio Solution File, Format Version 12.00
# Visual Studio Version 17
VisualStudioVersion = 17.14.37301.10 d17.14
MinimumVisualStudioVersion = 10.0.40219.1
Project("{FAE04EC0-301F-11D3-BF4B-00C04F79EFBC}") = "OOPAssessment", "OOPAssessment.csproj", "{FB2EFE47-C0F4-4428-AF1B-EFE2E1DBB309}"
EndProject
Global
	GlobalSection(SolutionConfigurationPlatforms) = preSolution
		Debug|Any CPU = Debug|Any CPU
		Release|Any CPU = Release|Any CPU
	EndGlobalSection
	GlobalSection(ProjectConfigurationPlatforms) = postSolution
		{FB2EFE47-C0F4-4428-AF1B-EFE2E1DBB309}.Debug|Any CPU.ActiveCfg = Debug|Any CPU
		{FB2EFE47-C0F4-4428-AF1B-EFE2E1DBB309}.Debug|Any CPU.Build.0 = Debug|Any CPU
		{FB2EFE47-C0F4-4428-AF1B-EFE2E1DBB309}.Release|Any CPU.ActiveCfg = Release|Any CPU
		{FB2EFE47-C0F4-4428-AF1B-EFE2E1DBB309}.Release|Any CPU.Build.0 = Release|Any CPU
	EndGlobalSection
	GlobalSection(SolutionProperties) = preSolution
		HideSolutionNode = FALSE
	EndGlobalSection
	GlobalSection(ExtensibilityGlobals) = postSolution
		SolutionGuid = {09B8A434-1F3F-4331-B697-B983F04A8690}
	EndGlobalSection
EndGlobal
