
Microsoft Visual Studio Solution File, Format Version 12.00
# Visual Studio Version 17
VisualStudioVersion = 17.14.37301.10 d17.14
MinimumVisualStudioVersion = 10.0.40219.1
Project("{FAE04EC0-301F-11D3-BF4B-00C04F79EFBC}") = "BulkyWeb", "BulkyWeb\BulkyWeb.csproj", "{21E8D3C8-2AE2-4B72-AD6F-A8A16AB7FC00}"
EndProject
Global
	GlobalSection(SolutionConfigurationPlatforms) = preSolution
		Debug|Any CPU = Debug|Any CPU
		Release|Any CPU = Release|Any CPU
	EndGlobalSection
	GlobalSection(ProjectConfigurationPlatforms) = postSolution
		{21E8D3C8-2AE2-4B72-AD6F-A8A16AB7FC00}.Debug|Any CPU.ActiveCfg = Debug|Any CPU
		{21E8D3C8-2AE2-4B72-AD6F-A8A16AB7FC00}.Debug|Any CPU.Build.0 = Debug|Any CPU
		{21E8D3C8-2AE2-4B72-AD6F-A8A16AB7FC00}.Release|Any CPU.ActiveCfg = Release|Any CPU
		{21E8D3C8-2AE2-4B72-AD6F-A8A16AB7FC00}.Release|Any CPU.Build.0 = Release|Any CPU
	EndGlobalSection
	GlobalSection(SolutionProperties) = preSolution
		HideSolutionNode = FALSE
	EndGlobalSection
	GlobalSection(ExtensibilityGlobals) = postSolution
		SolutionGuid = {43008772-1536-4456-9703-89ED7E12D7E0}
	EndGlobalSection
EndGlobal
